{
  "requires": true,
  "lockfileVersion": 1,
  "dependencies": {
    "@mattlewis92/dom-autoscroller": {
      "version": "2.4.2",
      "resolved": "https://registry.npmjs.org/@mattlewis92/dom-autoscroller/-/dom-autoscroller-2.4.2.tgz",
      "integrity": "sha512-YbrUWREPGEjE/FU6foXcAT1YbVwqD/jkYnY1dFb0o4AxtP3s4xKBthlELjndZih8uwsDWgQZx1eNskRNe2BgZQ=="
    },
    "@scarf/scarf": {
      "version": "1.1.0",
      "resolved": "https://registry.npmjs.org/@scarf/scarf/-/scarf-1.1.0.tgz",
      "integrity": "sha512-b2iE8kjjzzUo2WZ0xuE2N77kfnTds7ClrDxcz3Atz7h2XrNVoAPUoT75i7CY0st5x++70V91Y+c6RpBX9MX7Jg=="
    },
    "angular-calendar": {
      "version": "0.28.24",
      "resolved": "https://registry.npmjs.org/angular-calendar/-/angular-calendar-0.28.24.tgz",
      "integrity": "sha512-g+aczXmVN8NTlh7Kzi42NUH2IxhzL1VGWXbE6T0NTjkZdTeO0mGWD1aLmyifRf9iwcasXRgCePBdpPJ/GHeM4A==",
      "requires": {
        "@scarf/scarf": "^1.1.0",
        "angular-draggable-droppable": "^4.6.0",
        "angular-resizable-element": "^3.3.5",
        "calendar-utils": "^0.8.4",
        "positioning": "^2.0.1",
        "tslib": "^1.14.1"
      }
    },
    "angular-draggable-droppable": {
      "version": "4.6.0",
      "resolved": "https://registry.npmjs.org/angular-draggable-droppable/-/angular-draggable-droppable-4.6.0.tgz",
      "integrity": "sha512-+8JhTDMKkc/NuFFqb8/H/QHpB+v4Z7YNrgvEbV+PQxXry19rkr89ofZgjNIXhZexTvJNb03BYlSQoknzXE9b3g==",
      "requires": {
        "@mattlewis92/dom-autoscroller": "^2.4.2",
        "tslib": "^1.9.0"
      }
    },
    "angular-resizable-element": {
      "version": "3.3.5",
      "resolved": "https://registry.npmjs.org/angular-resizable-element/-/angular-resizable-element-3.3.5.tgz",
      "integrity": "sha512-PT7p3CGva1BmcTt8LA80yOblHqynZHPQYQ1KMMLgllCn3UZx/+0eCRtSXKwnWT5IYHBg9qI3tmd92SFExa1UMg==",
      "requires": {
        "tslib": "^1.9.0"
      }
    },
    "calendar-utils": {
      "version": "0.8.4",
      "resolved": "https://registry.npmjs.org/calendar-utils/-/calendar-utils-0.8.4.tgz",
      "integrity": "sha512-0btakIxxHrCMX/7L6jayixKG9OnGIbqAh5oHe0Me2LYAS7zdEUoRxndyN4N04yVyZURgx1iNXj4l5m51/sDShg=="
    },
    "date-fns": {
      "version": "2.21.3",
      "resolved": "https://registry.npmjs.org/date-fns/-/date-fns-2.21.3.tgz",
      "integrity": "sha512-HeYdzCaFflc1i4tGbj7JKMjM4cKGYoyxwcIIkHzNgCkX8xXDNJDZXgDDVchIWpN4eQc3lH37WarduXFZJOtxfw=="
    },
    "positioning": {
      "version": "2.0.1",
      "resolved": "https://registry.npmjs.org/positioning/-/positioning-2.0.1.tgz",
      "integrity": "sha512-DsAgM42kV/ObuwlRpAzDTjH9E8fGKkMDJHWFX+kfNXSxh7UCCQxEmdjv/Ws5Ft1XDnt3JT8fIDYeKNSE2TbttA=="
    },
    "tslib": {
      "version": "1.14.1",
      "resolved": "https://registry.npmjs.org/tslib/-/tslib-1.14.1.tgz",
      "integrity": "sha512-Xni35NKzjgMrwevysHTCArtLDpPvye8zV/0E4EyYn43P7/7qvQwPh9BGkHewbMulVntbigmcT7rdX3BNo9wRJg=="
    }
  }
}
